# This is a Gradle generated file for dependency locking.
# Manual edits can break the build and are not advised.
# This file is expected to be part of source control.
# To regenerate this file, run: ./gradlew dependencies --write-locks
com.github.jk1.dependency-license-report:com.github.jk1.dependency-license-report.gradle.plugin:3.1.4=classpath
com.github.jk1:gradle-license-report:3.1.4=classpath
com.google.code.gson:gson:2.13.2=classpath
com.google.errorprone:error_prone_annotations:2.41.0=classpath
com.squareup.moshi:moshi-kotlin:1.15.2=classpath
com.squareup.moshi:moshi:1.15.2=classpath
com.squareup.okhttp3:okhttp-jvm:5.1.0=classpath
com.squareup.okhttp3:okhttp:5.1.0=classpath
com.squareup.okio:okio-jvm:3.15.0=classpath
com.squareup.okio:okio:3.15.0=classpath
com.squareup.retrofit2:converter-moshi:3.0.0=classpath
com.squareup.retrofit2:converter-scalars:3.0.0=classpath
com.squareup.retrofit2:retrofit:3.0.0=classpath
com.vanniktech.maven.publish:com.vanniktech.maven.publish.gradle.plugin:0.37.0=classpath
com.vanniktech:central-portal:0.37.0=classpath
com.vanniktech:gradle-maven-publish-plugin:0.37.0=classpath
commons-codec:commons-codec:1.19.0=classpath
commons-io:commons-io:2.20.0=classpath
de.siegmar:fastcsv:3.7.0=classpath
io.github.hakky54:ayza:10.0.3=classpath
io.github.hakky54:sude:2.0.2=classpath
org.apache.commons:commons-compress:1.28.0=classpath
org.apache.commons:commons-lang3:3.20.0=classpath
org.bouncycastle:bcprov-jdk18on:1.84=classpath
org.jarhc.gradle:jarhc-gradle-plugin:1.2.0=classpath
org.jarhc:org.jarhc.gradle.plugin:1.2.0=classpath
org.jetbrains.kotlin:kotlin-reflect:2.3.21=classpath
org.jetbrains.kotlin:kotlin-stdlib-jdk7:1.8.21=classpath
org.jetbrains.kotlin:kotlin-stdlib-jdk8:1.8.21=classpath
org.jetbrains.kotlin:kotlin-stdlib:2.3.21=classpath
org.jetbrains:annotations:13.0=classpath
org.slf4j:slf4j-api:2.0.18=classpath
org.sonarqube:org.sonarqube.gradle.plugin:7.3.1.8318=classpath
org.sonarsource.scanner.gradle:sonarqube-gradle-plugin:7.3.1.8318=classpath
org.sonarsource.scanner.lib:sonar-scanner-download-cache:4.1.1.1633=classpath
org.sonarsource.scanner.lib:sonar-scanner-java-library-batch-interface:4.1.1.1633=classpath
org.sonarsource.scanner.lib:sonar-scanner-java-library:4.1.1.1633=classpath
empty=
